
Microsoft Visual Studio Solution File, Format Version 12.00
# Visual Studio 2012
Project("{FAE04EC0-301F-11D3-BF4B-00C04F79EFBC}") = "Game.Godot", "engine-free-rpg.csproj", "{288B72E4-0C55-4A6A-969C-80FA0C103D25}"
EndProject
Project("{2150E333-8FDC-42A3-9474-1A3956D46DE8}") = "src", "src", "{827E0CD3-B72D-47B6-A68D-7590B98EB39B}"
EndProject
Project("{FAE04EC0-301F-11D3-BF4B-00C04F79EFBC}") = "Game.Core", "src\Game.Core\Game.Core.csproj", "{8A1C8199-C67D-4A26-A51C-886D11392937}"
EndProject
Project("{FAE04EC0-301F-11D3-BF4B-00C04F79EFBC}") = "Game.Content", "src\Game.Content\Game.Content.csproj", "{42661BEA-670E-4324-BA19-631076207BDD}"
EndProject
Project("{FAE04EC0-301F-11D3-BF4B-00C04F79EFBC}") = "Game.Application", "src\Game.Application\Game.Application.csproj", "{B1B496DE-4A6D-4FAD-87C9-6C0B730BC5D1}"
EndProject
Project("{2150E333-8FDC-42A3-9474-1A3956D46DE8}") = "test", "test", "{0C88DD14-F956-CE84-757C-A364CCF449FC}"
EndProject
Project("{FAE04EC0-301F-11D3-BF4B-00C04F79EFBC}") = "Game.Tests", "test\Game.Tests\Game.Tests.csproj", "{C450D6DD-3425-4691-9599-E85FD079AE0A}"
EndProject
Global
	GlobalSection(SolutionConfigurationPlatforms) = preSolution
		Debug|Any CPU = Debug|Any CPU
		Debug|x64 = Debug|x64
		Debug|x86 = Debug|x86
		ExportDebug|Any CPU = ExportDebug|Any CPU
		ExportDebug|x64 = ExportDebug|x64
		ExportDebug|x86 = ExportDebug|x86
		ExportRelease|Any CPU = ExportRelease|Any CPU
		ExportRelease|x64 = ExportRelease|x64
		ExportRelease|x86 = ExportRelease|x86
		Release|Any CPU = Release|Any CPU
		Release|x64 = Release|x64
		Release|x86 = Release|x86
	EndGlobalSection
	GlobalSection(ProjectConfigurationPlatforms) = postSolution
		{288B72E4-0C55-4A6A-969C-80FA0C103D25}.Debug|Any CPU.ActiveCfg = Debug|Any CPU
		{288B72E4-0C55-4A6A-969C-80FA0C103D25}.Debug|Any CPU.Build.0 = Debug|Any CPU
		{288B72E4-0C55-4A6A-969C-80FA0C103D25}.Debug|x64.ActiveCfg = Debug|Any CPU
		{288B72E4-0C55-4A6A-969C-80FA0C103D25}.Debug|x64.Build.0 = Debug|Any CPU
		{288B72E4-0C55-4A6A-969C-80FA0C103D25}.Debug|x86.ActiveCfg = Debug|Any CPU
		{288B72E4-0C55-4A6A-969C-80FA0C103D25}.Debug|x86.Build.0 = Debug|Any CPU
		{288B72E4-0C55-4A6A-969C-80FA0C103D25}.ExportDebug|Any CPU.ActiveCfg = ExportDebug|Any CPU
		{288B72E4-0C55-4A6A-969C-80FA0C103D25}.ExportDebug|Any CPU.Build.0 = ExportDebug|Any CPU
		{288B72E4-0C55-4A6A-969C-80FA0C103D25}.ExportDebug|x64.ActiveCfg = ExportDebug|Any CPU
		{288B72E4-0C55-4A6A-969C-80FA0C103D25}.ExportDebug|x64.Build.0 = ExportDebug|Any CPU
		{288B72E4-0C55-4A6A-969C-80FA0C103D25}.ExportDebug|x86.ActiveCfg = ExportDebug|Any CPU
		{288B72E4-0C55-4A6A-969C-80FA0C103D25}.ExportDebug|x86.Build.0 = ExportDebug|Any CPU
		{288B72E4-0C55-4A6A-969C-80FA0C103D25}.ExportRelease|Any CPU.ActiveCfg = ExportRelease|Any CPU
		{288B72E4-0C55-4A6A-969C-80FA0C103D25}.ExportRelease|Any CPU.Build.0 = ExportRelease|Any CPU
		{288B72E4-0C55-4A6A-969C-80FA0C103D25}.ExportRelease|x64.ActiveCfg = ExportRelease|Any CPU
		{288B72E4-0C55-4A6A-969C-80FA0C103D25}.ExportRelease|x64.Build.0 = ExportRelease|Any CPU
		{288B72E4-0C55-4A6A-969C-80FA0C103D25}.ExportRelease|x86.ActiveCfg = ExportRelease|Any CPU
		{288B72E4-0C55-4A6A-969C-80FA0C103D25}.ExportRelease|x86.Build.0 = ExportRelease|Any CPU
		{288B72E4-0C55-4A6A-969C-80FA0C103D25}.Release|Any CPU.ActiveCfg = Release|Any CPU
		{288B72E4-0C55-4A6A-969C-80FA0C103D25}.Release|Any CPU.Build.0 = Release|Any CPU
		{288B72E4-0C55-4A6A-969C-80FA0C103D25}.Release|x64.ActiveCfg = Release|Any CPU
		{288B72E4-0C55-4A6A-969C-80FA0C103D25}.Release|x64.Build.0 = Release|Any CPU
		{288B72E4-0C55-4A6A-969C-80FA0C103D25}.Release|x86.ActiveCfg = Release|Any CPU
		{288B72E4-0C55-4A6A-969C-80FA0C103D25}.Release|x86.Build.0 = Release|Any CPU
		{8A1C8199-C67D-4A26-A51C-886D11392937}.Debug|Any CPU.ActiveCfg = Debug|Any CPU
		{8A1C8199-C67D-4A26-A51C-886D11392937}.Debug|Any CPU.Build.0 = Debug|Any CPU
		{8A1C8199-C67D-4A26-A51C-886D11392937}.Debug|x64.ActiveCfg = Debug|Any CPU
		{8A1C8199-C67D-4A26-A51C-886D11392937}.Debug|x64.Build.0 = Debug|Any CPU
		{8A1C8199-C67D-4A26-A51C-886D11392937}.Debug|x86.ActiveCfg = Debug|Any CPU
		{8A1C8199-C67D-4A26-A51C-886D11392937}.Debug|x86.Build.0 = Debug|Any CPU
		{8A1C8199-C67D-4A26-A51C-886D11392937}.ExportDebug|Any CPU.ActiveCfg = Debug|Any CPU
		{8A1C8199-C67D-4A26-A51C-886D11392937}.ExportDebug|Any CPU.Build.0 = Debug|Any CPU
		{8A1C8199-C67D-4A26-A51C-886D11392937}.ExportDebug|x64.ActiveCfg = Debug|Any CPU
		{8A1C8199-C67D-4A26-A51C-886D11392937}.ExportDebug|x64.Build.0 = Debug|Any CPU
		{8A1C8199-C67D-4A26-A51C-886D11392937}.ExportDebug|x86.ActiveCfg = Debug|Any CPU
		{8A1C8199-C67D-4A26-A51C-886D11392937}.ExportDebug|x86.Build.0 = Debug|Any CPU
		{8A1C8199-C67D-4A26-A51C-886D11392937}.ExportRelease|Any CPU.ActiveCfg = Debug|Any CPU
		{8A1C8199-C67D-4A26-A51C-886D11392937}.ExportRelease|Any CPU.Build.0 = Debug|Any CPU
		{8A1C8199-C67D-4A26-A51C-886D11392937}.ExportRelease|x64.ActiveCfg = Debug|Any CPU
		{8A1C8199-C67D-4A26-A51C-886D11392937}.ExportRelease|x64.Build.0 = Debug|Any CPU
		{8A1C8199-C67D-4A26-A51C-886D11392937}.ExportRelease|x86.ActiveCfg = Debug|Any CPU
		{8A1C8199-C67D-4A26-A51C-886D11392937}.ExportRelease|x86.Build.0 = Debug|Any CPU
		{8A1C8199-C67D-4A26-A51C-886D11392937}.Release|Any CPU.ActiveCfg = Release|Any CPU
		{8A1C8199-C67D-4A26-A51C-886D11392937}.Release|Any CPU.Build.0 = Release|Any CPU
		{8A1C8199-C67D-4A26-A51C-886D11392937}.Release|x64.ActiveCfg = Release|Any CPU
		{8A1C8199-C67D-4A26-A51C-886D11392937}.Release|x64.Build.0 = Release|Any CPU
		{8A1C8199-C67D-4A26-A51C-886D11392937}.Release|x86.ActiveCfg = Release|Any CPU
		{8A1C8199-C67D-4A26-A51C-886D11392937}.Release|x86.Build.0 = Release|Any CPU
		{42661BEA-670E-4324-BA19-631076207BDD}.Debug|Any CPU.ActiveCfg = Debug|Any CPU
		{42661BEA-670E-4324-BA19-631076207BDD}.Debug|Any CPU.Build.0 = Debug|Any CPU
		{42661BEA-670E-4324-BA19-631076207BDD}.Debug|x64.ActiveCfg = Debug|Any CPU
		{42661BEA-670E-4324-BA19-631076207BDD}.Debug|x64.Build.0 = Debug|Any CPU
		{42661BEA-670E-4324-BA19-631076207BDD}.Debug|x86.ActiveCfg = Debug|Any CPU
		{42661BEA-670E-4324-BA19-631076207BDD}.Debug|x86.Build.0 = Debug|Any CPU
		{42661BEA-670E-4324-BA19-631076207BDD}.ExportDebug|Any CPU.ActiveCfg = Debug|Any CPU
		{42661BEA-670E-4324-BA19-631076207BDD}.ExportDebug|Any CPU.Build.0 = Debug|Any CPU
		{42661BEA-670E-4324-BA19-631076207BDD}.ExportDebug|x64.ActiveCfg = Debug|Any CPU
		{42661BEA-670E-4324-BA19-631076207BDD}.ExportDebug|x64.Build.0 = Debug|Any CPU
		{42661BEA-670E-4324-BA19-631076207BDD}.ExportDebug|x86.ActiveCfg = Debug|Any CPU
		{42661BEA-670E-4324-BA19-631076207BDD}.ExportDebug|x86.Build.0 = Debug|Any CPU
		{42661BEA-670E-4324-BA19-631076207BDD}.ExportRelease|Any CPU.ActiveCfg = Debug|Any CPU
		{42661BEA-670E-4324-BA19-631076207BDD}.ExportRelease|Any CPU.Build.0 = Debug|Any CPU
		{42661BEA-670E-4324-BA19-631076207BDD}.ExportRelease|x64.ActiveCfg = Debug|Any CPU
		{42661BEA-670E-4324-BA19-631076207BDD}.ExportRelease|x64.Build.0 = Debug|Any CPU
		{42661BEA-670E-4324-BA19-631076207BDD}.ExportRelease|x86.ActiveCfg = Debug|Any CPU
		{42661BEA-670E-4324-BA19-631076207BDD}.ExportRelease|x86.Build.0 = Debug|Any CPU
		{42661BEA-670E-4324-BA19-631076207BDD}.Release|Any CPU.ActiveCfg = Release|Any CPU
		{42661BEA-670E-4324-BA19-631076207BDD}.Release|Any CPU.Build.0 = Release|Any CPU
		{42661BEA-670E-4324-BA19-631076207BDD}.Release|x64.ActiveCfg = Release|Any CPU
		{42661BEA-670E-4324-BA19-631076207BDD}.Release|x64.Build.0 = Release|Any CPU
		{42661BEA-670E-4324-BA19-631076207BDD}.Release|x86.ActiveCfg = Release|Any CPU
		{42661BEA-670E-4324-BA19-631076207BDD}.Release|x86.Build.0 = Release|Any CPU
		{B1B496DE-4A6D-4FAD-87C9-6C0B730BC5D1}.Debug|Any CPU.ActiveCfg = Debug|Any CPU
		{B1B496DE-4A6D-4FAD-87C9-6C0B730BC5D1}.Debug|Any CPU.Build.0 = Debug|Any CPU
		{B1B496DE-4A6D-4FAD-87C9-6C0B730BC5D1}.Debug|x64.ActiveCfg = Debug|Any CPU
		{B1B496DE-4A6D-4FAD-87C9-6C0B730BC5D1}.Debug|x64.Build.0 = Debug|Any CPU
		{B1B496DE-4A6D-4FAD-87C9-6C0B730BC5D1}.Debug|x86.ActiveCfg = Debug|Any CPU
		{B1B496DE-4A6D-4FAD-87C9-6C0B730BC5D1}.Debug|x86.Build.0 = Debug|Any CPU
		{B1B496DE-4A6D-4FAD-87C9-6C0B730BC5D1}.ExportDebug|Any CPU.ActiveCfg = Debug|Any CPU
		{B1B496DE-4A6D-4FAD-87C9-6C0B730BC5D1}.ExportDebug|Any CPU.Build.0 = Debug|Any CPU
		{B1B496DE-4A6D-4FAD-87C9-6C0B730BC5D1}.ExportDebug|x64.ActiveCfg = Debug|Any CPU
		{B1B496DE-4A6D-4FAD-87C9-6C0B730BC5D1}.ExportDebug|x64.Build.0 = Debug|Any CPU
		{B1B496DE-4A6D-4FAD-87C9-6C0B730BC5D1}.ExportDebug|x86.ActiveCfg = Debug|Any CPU
		{B1B496DE-4A6D-4FAD-87C9-6C0B730BC5D1}.ExportDebug|x86.Build.0 = Debug|Any CPU
		{B1B496DE-4A6D-4FAD-87C9-6C0B730BC5D1}.ExportRelease|Any CPU.ActiveCfg = Debug|Any CPU
		{B1B496DE-4A6D-4FAD-87C9-6C0B730BC5D1}.ExportRelease|Any CPU.Build.0 = Debug|Any CPU
		{B1B496DE-4A6D-4FAD-87C9-6C0B730BC5D1}.ExportRelease|x64.ActiveCfg = Debug|Any CPU
		{B1B496DE-4A6D-4FAD-87C9-6C0B730BC5D1}.ExportRelease|x64.Build.0 = Debug|Any CPU
		{B1B496DE-4A6D-4FAD-87C9-6C0B730BC5D1}.ExportRelease|x86.ActiveCfg = Debug|Any CPU
		{B1B496DE-4A6D-4FAD-87C9-6C0B730BC5D1}.ExportRelease|x86.Build.0 = Debug|Any CPU
		{B1B496DE-4A6D-4FAD-87C9-6C0B730BC5D1}.Release|Any CPU.ActiveCfg = Release|Any CPU
		{B1B496DE-4A6D-4FAD-87C9-6C0B730BC5D1}.Release|Any CPU.Build.0 = Release|Any CPU
		{B1B496DE-4A6D-4FAD-87C9-6C0B730BC5D1}.Release|x64.ActiveCfg = Release|Any CPU
		{B1B496DE-4A6D-4FAD-87C9-6C0B730BC5D1}.Release|x64.Build.0 = Release|Any CPU
		{B1B496DE-4A6D-4FAD-87C9-6C0B730BC5D1}.Release|x86.ActiveCfg = Release|Any CPU
		{B1B496DE-4A6D-4FAD-87C9-6C0B730BC5D1}.Release|x86.Build.0 = Release|Any CPU
		{C450D6DD-3425-4691-9599-E85FD079AE0A}.Debug|Any CPU.ActiveCfg = Debug|Any CPU
		{C450D6DD-3425-4691-9599-E85FD079AE0A}.Debug|Any CPU.Build.0 = Debug|Any CPU
		{C450D6DD-3425-4691-9599-E85FD079AE0A}.Debug|x64.ActiveCfg = Debug|Any CPU
		{C450D6DD-3425-4691-9599-E85FD079AE0A}.Debug|x64.Build.0 = Debug|Any CPU
		{C450D6DD-3425-4691-9599-E85FD079AE0A}.Debug|x86.ActiveCfg = Debug|Any CPU
		{C450D6DD-3425-4691-9599-E85FD079AE0A}.Debug|x86.Build.0 = Debug|Any CPU
		{C450D6DD-3425-4691-9599-E85FD079AE0A}.ExportDebug|Any CPU.ActiveCfg = Debug|Any CPU
		{C450D6DD-3425-4691-9599-E85FD079AE0A}.ExportDebug|Any CPU.Build.0 = Debug|Any CPU
		{C450D6DD-3425-4691-9599-E85FD079AE0A}.ExportDebug|x64.ActiveCfg = Debug|Any CPU
		{C450D6DD-3425-4691-9599-E85FD079AE0A}.ExportDebug|x64.Build.0 = Debug|Any CPU
		{C450D6DD-3425-4691-9599-E85FD079AE0A}.ExportDebug|x86.ActiveCfg = Debug|Any CPU
		{C450D6DD-3425-4691-9599-E85FD079AE0A}.ExportDebug|x86.Build.0 = Debug|Any CPU
		{C450D6DD-3425-4691-9599-E85FD079AE0A}.ExportRelease|Any CPU.ActiveCfg = Debug|Any CPU
		{C450D6DD-3425-4691-9599-E85FD079AE0A}.ExportRelease|Any CPU.Build.0 = Debug|Any CPU
		{C450D6DD-3425-4691-9599-E85FD079AE0A}.ExportRelease|x64.ActiveCfg = Debug|Any CPU
		{C450D6DD-3425-4691-9599-E85FD079AE0A}.ExportRelease|x64.Build.0 = Debug|Any CPU
		{C450D6DD-3425-4691-9599-E85FD079AE0A}.ExportRelease|x86.ActiveCfg = Debug|Any CPU
		{C450D6DD-3425-4691-9599-E85FD079AE0A}.ExportRelease|x86.Build.0 = Debug|Any CPU
		{C450D6DD-3425-4691-9599-E85FD079AE0A}.Release|Any CPU.ActiveCfg = Release|Any CPU
		{C450D6DD-3425-4691-9599-E85FD079AE0A}.Release|Any CPU.Build.0 = Release|Any CPU
		{C450D6DD-3425-4691-9599-E85FD079AE0A}.Release|x64.ActiveCfg = Release|Any CPU
		{C450D6DD-3425-4691-9599-E85FD079AE0A}.Release|x64.Build.0 = Release|Any CPU
		{C450D6DD-3425-4691-9599-E85FD079AE0A}.Release|x86.ActiveCfg = Release|Any CPU
		{C450D6DD-3425-4691-9599-E85FD079AE0A}.Release|x86.Build.0 = Release|Any CPU
	EndGlobalSection
	GlobalSection(SolutionProperties) = preSolution
		HideSolutionNode = FALSE
	EndGlobalSection
	GlobalSection(NestedProjects) = preSolution
		{288B72E4-0C55-4A6A-969C-80FA0C103D25} = {827E0CD3-B72D-47B6-A68D-7590B98EB39B}
		{8A1C8199-C67D-4A26-A51C-886D11392937} = {827E0CD3-B72D-47B6-A68D-7590B98EB39B}
		{42661BEA-670E-4324-BA19-631076207BDD} = {827E0CD3-B72D-47B6-A68D-7590B98EB39B}
		{B1B496DE-4A6D-4FAD-87C9-6C0B730BC5D1} = {827E0CD3-B72D-47B6-A68D-7590B98EB39B}
		{C450D6DD-3425-4691-9599-E85FD079AE0A} = {0C88DD14-F956-CE84-757C-A364CCF449FC}
	EndGlobalSection
EndGlobal
